{
  "name": "umg-compte",
  "version": "0.0.0",
  "lockfileVersion": 1,
  "requires": true,
  "dependencies": {
    "angular2-fontawesome": {
      "version": "5.2.1",
      "resolved": "https://registry.npmjs.org/angular2-fontawesome/-/angular2-fontawesome-5.2.1.tgz",
      "integrity": "sha512-aS6Y8dBLFdSx4yqyqIQDujIKAHJjqvdaD/y3/qDPE/pHYd/HBZZMLBlHcVuocraA5TuPBWBxF1w9NxT+3J54nQ=="
    },
    "font-awesome": {
      "version": "4.7.0",
      "resolved": "https://registry.npmjs.org/font-awesome/-/font-awesome-4.7.0.tgz",
      "integrity": "sha1-j6jPBBGhoxr9B7BtKQK7n8gVoTM="
    }
  }
}
